{
  "name": "node-json-error",
  "version": "0.1.0",
  "lockfileVersion": 3,
  "requires": true,
  "packages": {
    "": {
      "name": "node-json-error",
      "version": "0.1.0",
      "license": "MIT",
      "devDependencies": {
        "nested-error-stacks": "^2.1.1"
      },
      "peerDependencies": {
        "nested-error-stacks": "^2.1.1"
      }
    },
    "node_modules/nested-error-stacks": {
      "version": "2.1.1",
      "resolved": "https://registry.npmjs.org/nested-error-stacks/-/nested-error-stacks-2.1.1.tgz",
      "integrity": "sha512-9iN1ka/9zmX1ZvLV9ewJYEk9h7RyRRtqdK0woXcqohu8EWIerfPUjYJPg0ULy0UqP7cslmdGc8xKDJcojlKiaw==",
      "dev": true,
      "license": "MIT"
    }
  }
}
